
Microsoft Visual Studio Solution File, Format Version 12.00
# Visual Studio 2012
Project("{FAE04EC0-301F-11D3-BF4B-00C04F79EFBC}") = "IidaLabVy446", "IidaLabVy446\IidaLabVy446.csproj", "{DC43E995-BAEF-44D6-AC89-D9A870448276}"
EndProject
Project("{FAE04EC0-301F-11D3-BF4B-00C04F79EFBC}") = "SickLidar", "SickLidar\SickLidar.csproj", "{E2DFD6BB-F739-419D-B018-34679E3D8BCE}"
EndProject
Project("{FAE04EC0-301F-11D3-BF4B-00C04F79EFBC}") = "MachineVision", "MachineVision\MachineVision.csproj", "{2FC1B8D8-DCCE-4DA7-A5DC-A734EA6F0452}"
EndProject
Project("{FAE04EC0-301F-11D3-BF4B-00C04F79EFBC}") = "CombineBody", "CombineBody\CombineBody.csproj", "{370FD041-965A-4A5A-942E-EA5C91BFB8D1}"
EndProject
Project("{FAE04EC0-301F-11D3-BF4B-00C04F79EFBC}") = "FieldMap", "FieldMap\FieldMap.csproj", "{36D48A69-816C-490B-A007-8631AD74FBE2}"
EndProject
Project("{FAE04EC0-301F-11D3-BF4B-00C04F79EFBC}") = "Amedas", "Amedas\Amedas.csproj", "{2B716EF6-7751-4007-A411-A78CE311BF65}"
EndProject
Project("{FAE04EC0-301F-11D3-BF4B-00C04F79EFBC}") = "Algorithm", "Algorithm\Algorithm.csproj", "{36697A6D-B7BC-445F-9DB1-4AA0A9A0160F}"
EndProject
Project("{FAE04EC0-301F-11D3-BF4B-00C04F79EFBC}") = "Communication", "Communication\Communication.csproj", "{DDB64675-A67C-40A6-B0CF-CC9720DE0EEC}"
EndProject
Global
	GlobalSection(SolutionConfigurationPlatforms) = preSolution
		Debug|Any CPU = Debug|Any CPU
		Debug|Mixed Platforms = Debug|Mixed Platforms
		Debug|x86 = Debug|x86
		Release|Any CPU = Release|Any CPU
		Release|Mixed Platforms = Release|Mixed Platforms
		Release|x86 = Release|x86
	EndGlobalSection
	GlobalSection(ProjectConfigurationPlatforms) = postSolution
		{DC43E995-BAEF-44D6-AC89-D9A870448276}.Debug|Any CPU.ActiveCfg = Debug|x86
		{DC43E995-BAEF-44D6-AC89-D9A870448276}.Debug|Mixed Platforms.ActiveCfg = Debug|x86
		{DC43E995-BAEF-44D6-AC89-D9A870448276}.Debug|Mixed Platforms.Build.0 = Debug|x86
		{DC43E995-BAEF-44D6-AC89-D9A870448276}.Debug|x86.ActiveCfg = Debug|x86
		{DC43E995-BAEF-44D6-AC89-D9A870448276}.Debug|x86.Build.0 = Debug|x86
		{DC43E995-BAEF-44D6-AC89-D9A870448276}.Release|Any CPU.ActiveCfg = Release|x86
		{DC43E995-BAEF-44D6-AC89-D9A870448276}.Release|Mixed Platforms.ActiveCfg = Release|x86
		{DC43E995-BAEF-44D6-AC89-D9A870448276}.Release|Mixed Platforms.Build.0 = Release|x86
		{DC43E995-BAEF-44D6-AC89-D9A870448276}.Release|x86.ActiveCfg = Release|x86
		{DC43E995-BAEF-44D6-AC89-D9A870448276}.Release|x86.Build.0 = Release|x86
		{E2DFD6BB-F739-419D-B018-34679E3D8BCE}.Debug|Any CPU.ActiveCfg = Debug|Any CPU
		{E2DFD6BB-F739-419D-B018-34679E3D8BCE}.Debug|Any CPU.Build.0 = Debug|Any CPU
		{E2DFD6BB-F739-419D-B018-34679E3D8BCE}.Debug|Mixed Platforms.ActiveCfg = Debug|Any CPU
		{E2DFD6BB-F739-419D-B018-34679E3D8BCE}.Debug|Mixed Platforms.Build.0 = Debug|Any CPU
		{E2DFD6BB-F739-419D-B018-34679E3D8BCE}.Debug|x86.ActiveCfg = Debug|Any CPU
		{E2DFD6BB-F739-419D-B018-34679E3D8BCE}.Debug|x86.Build.0 = Debug|Any CPU
		{E2DFD6BB-F739-419D-B018-34679E3D8BCE}.Release|Any CPU.ActiveCfg = Release|Any CPU
		{E2DFD6BB-F739-419D-B018-34679E3D8BCE}.Release|Any CPU.Build.0 = Release|Any CPU
		{E2DFD6BB-F739-419D-B018-34679E3D8BCE}.Release|Mixed Platforms.ActiveCfg = Release|Any CPU
		{E2DFD6BB-F739-419D-B018-34679E3D8BCE}.Release|Mixed Platforms.Build.0 = Release|Any CPU
		{E2DFD6BB-F739-419D-B018-34679E3D8BCE}.Release|x86.ActiveCfg = Release|Any CPU
		{2FC1B8D8-DCCE-4DA7-A5DC-A734EA6F0452}.Debug|Any CPU.ActiveCfg = Debug|Any CPU
		{2FC1B8D8-DCCE-4DA7-A5DC-A734EA6F0452}.Debug|Any CPU.Build.0 = Debug|Any CPU
		{2FC1B8D8-DCCE-4DA7-A5DC-A734EA6F0452}.Debug|Mixed Platforms.ActiveCfg = Debug|Any CPU
		{2FC1B8D8-DCCE-4DA7-A5DC-A734EA6F0452}.Debug|Mixed Platforms.Build.0 = Debug|Any CPU
		{2FC1B8D8-DCCE-4DA7-A5DC-A734EA6F0452}.Debug|x86.ActiveCfg = Debug|Any CPU
		{2FC1B8D8-DCCE-4DA7-A5DC-A734EA6F0452}.Debug|x86.Build.0 = Debug|Any CPU
		{2FC1B8D8-DCCE-4DA7-A5DC-A734EA6F0452}.Release|Any CPU.ActiveCfg = Release|Any CPU
		{2FC1B8D8-DCCE-4DA7-A5DC-A734EA6F0452}.Release|Any CPU.Build.0 = Release|Any CPU
		{2FC1B8D8-DCCE-4DA7-A5DC-A734EA6F0452}.Release|Mixed Platforms.ActiveCfg = Release|Any CPU
		{2FC1B8D8-DCCE-4DA7-A5DC-A734EA6F0452}.Release|Mixed Platforms.Build.0 = Release|Any CPU
		{2FC1B8D8-DCCE-4DA7-A5DC-A734EA6F0452}.Release|x86.ActiveCfg = Release|Any CPU
		{370FD041-965A-4A5A-942E-EA5C91BFB8D1}.Debug|Any CPU.ActiveCfg = Debug|Any CPU
		{370FD041-965A-4A5A-942E-EA5C91BFB8D1}.Debug|Any CPU.Build.0 = Debug|Any CPU
		{370FD041-965A-4A5A-942E-EA5C91BFB8D1}.Debug|Mixed Platforms.ActiveCfg = Debug|Any CPU
		{370FD041-965A-4A5A-942E-EA5C91BFB8D1}.Debug|Mixed Platforms.Build.0 = Debug|Any CPU
		{370FD041-965A-4A5A-942E-EA5C91BFB8D1}.Debug|x86.ActiveCfg = Debug|Any CPU
		{370FD041-965A-4A5A-942E-EA5C91BFB8D1}.Debug|x86.Build.0 = Debug|Any CPU
		{370FD041-965A-4A5A-942E-EA5C91BFB8D1}.Release|Any CPU.ActiveCfg = Release|Any CPU
		{370FD041-965A-4A5A-942E-EA5C91BFB8D1}.Release|Any CPU.Build.0 = Release|Any CPU
		{370FD041-965A-4A5A-942E-EA5C91BFB8D1}.Release|Mixed Platforms.ActiveCfg = Release|Any CPU
		{370FD041-965A-4A5A-942E-EA5C91BFB8D1}.Release|Mixed Platforms.Build.0 = Release|Any CPU
		{370FD041-965A-4A5A-942E-EA5C91BFB8D1}.Release|x86.ActiveCfg = Release|Any CPU
		{36D48A69-816C-490B-A007-8631AD74FBE2}.Debug|Any CPU.ActiveCfg = Debug|Any CPU
		{36D48A69-816C-490B-A007-8631AD74FBE2}.Debug|Any CPU.Build.0 = Debug|Any CPU
		{36D48A69-816C-490B-A007-8631AD74FBE2}.Debug|Mixed Platforms.ActiveCfg = Debug|Any CPU
		{36D48A69-816C-490B-A007-8631AD74FBE2}.Debug|Mixed Platforms.Build.0 = Debug|Any CPU
		{36D48A69-816C-490B-A007-8631AD74FBE2}.Debug|x86.ActiveCfg = Debug|Any CPU
		{36D48A69-816C-490B-A007-8631AD74FBE2}.Debug|x86.Build.0 = Debug|Any CPU
		{36D48A69-816C-490B-A007-8631AD74FBE2}.Release|Any CPU.ActiveCfg = Release|Any CPU
		{36D48A69-816C-490B-A007-8631AD74FBE2}.Release|Any CPU.Build.0 = Release|Any CPU
		{36D48A69-816C-490B-A007-8631AD74FBE2}.Release|Mixed Platforms.ActiveCfg = Release|Any CPU
		{36D48A69-816C-490B-A007-8631AD74FBE2}.Release|Mixed Platforms.Build.0 = Release|Any CPU
		{36D48A69-816C-490B-A007-8631AD74FBE2}.Release|x86.ActiveCfg = Release|Any CPU
		{2B716EF6-7751-4007-A411-A78CE311BF65}.Debug|Any CPU.ActiveCfg = Debug|Any CPU
		{2B716EF6-7751-4007-A411-A78CE311BF65}.Debug|Any CPU.Build.0 = Debug|Any CPU
		{2B716EF6-7751-4007-A411-A78CE311BF65}.Debug|Mixed Platforms.ActiveCfg = Debug|Any CPU
		{2B716EF6-7751-4007-A411-A78CE311BF65}.Debug|Mixed Platforms.Build.0 = Debug|Any CPU
		{2B716EF6-7751-4007-A411-A78CE311BF65}.Debug|x86.ActiveCfg = Debug|Any CPU
		{2B716EF6-7751-4007-A411-A78CE311BF65}.Debug|x86.Build.0 = Debug|Any CPU
		{2B716EF6-7751-4007-A411-A78CE311BF65}.Release|Any CPU.ActiveCfg = Release|Any CPU
		{2B716EF6-7751-4007-A411-A78CE311BF65}.Release|Any CPU.Build.0 = Release|Any CPU
		{2B716EF6-7751-4007-A411-A78CE311BF65}.Release|Mixed Platforms.ActiveCfg = Release|Any CPU
		{2B716EF6-7751-4007-A411-A78CE311BF65}.Release|Mixed Platforms.Build.0 = Release|Any CPU
		{2B716EF6-7751-4007-A411-A78CE311BF65}.Release|x86.ActiveCfg = Release|Any CPU
		{36697A6D-B7BC-445F-9DB1-4AA0A9A0160F}.Debug|Any CPU.ActiveCfg = Debug|Any CPU
		{36697A6D-B7BC-445F-9DB1-4AA0A9A0160F}.Debug|Any CPU.Build.0 = Debug|Any CPU
		{36697A6D-B7BC-445F-9DB1-4AA0A9A0160F}.Debug|Mixed Platforms.ActiveCfg = Debug|Any CPU
		{36697A6D-B7BC-445F-9DB1-4AA0A9A0160F}.Debug|Mixed Platforms.Build.0 = Debug|Any CPU
		{36697A6D-B7BC-445F-9DB1-4AA0A9A0160F}.Debug|x86.ActiveCfg = Debug|Any CPU
		{36697A6D-B7BC-445F-9DB1-4AA0A9A0160F}.Debug|x86.Build.0 = Debug|Any CPU
		{36697A6D-B7BC-445F-9DB1-4AA0A9A0160F}.Release|Any CPU.ActiveCfg = Release|Any CPU
		{36697A6D-B7BC-445F-9DB1-4AA0A9A0160F}.Release|Any CPU.Build.0 = Release|Any CPU
		{36697A6D-B7BC-445F-9DB1-4AA0A9A0160F}.Release|Mixed Platforms.ActiveCfg = Release|Any CPU
		{36697A6D-B7BC-445F-9DB1-4AA0A9A0160F}.Release|Mixed Platforms.Build.0 = Release|Any CPU
		{36697A6D-B7BC-445F-9DB1-4AA0A9A0160F}.Release|x86.ActiveCfg = Release|Any CPU
		{DDB64675-A67C-40A6-B0CF-CC9720DE0EEC}.Debug|Any CPU.ActiveCfg = Debug|Any CPU
		{DDB64675-A67C-40A6-B0CF-CC9720DE0EEC}.Debug|Any CPU.Build.0 = Debug|Any CPU
		{DDB64675-A67C-40A6-B0CF-CC9720DE0EEC}.Debug|Mixed Platforms.ActiveCfg = Debug|Any CPU
		{DDB64675-A67C-40A6-B0CF-CC9720DE0EEC}.Debug|Mixed Platforms.Build.0 = Debug|Any CPU
		{DDB64675-A67C-40A6-B0CF-CC9720DE0EEC}.Debug|x86.ActiveCfg = Debug|Any CPU
		{DDB64675-A67C-40A6-B0CF-CC9720DE0EEC}.Debug|x86.Build.0 = Debug|Any CPU
		{DDB64675-A67C-40A6-B0CF-CC9720DE0EEC}.Release|Any CPU.ActiveCfg = Release|Any CPU
		{DDB64675-A67C-40A6-B0CF-CC9720DE0EEC}.Release|Any CPU.Build.0 = Release|Any CPU
		{DDB64675-A67C-40A6-B0CF-CC9720DE0EEC}.Release|Mixed Platforms.ActiveCfg = Release|Any CPU
		{DDB64675-A67C-40A6-B0CF-CC9720DE0EEC}.Release|Mixed Platforms.Build.0 = Release|Any CPU
		{DDB64675-A67C-40A6-B0CF-CC9720DE0EEC}.Release|x86.ActiveCfg = Release|Any CPU
	EndGlobalSection
	GlobalSection(SolutionProperties) = preSolution
		HideSolutionNode = FALSE
	EndGlobalSection
EndGlobal
